
Microsoft Visual Studio Solution File, Format Version 12.00
# Visual Studio Version 17
VisualStudioVersion = 17.4.33205.214
MinimumVisualStudioVersion = 10.0.40219.1
Project("{FAE04EC0-301F-11D3-BF4B-00C04F79EFBC}") = "ImageCropper", "ImageCropper\ImageCropper.csproj", "{0AF67963-DF1E-465D-AFB7-7600B9513B34}"
EndProject
Global
	GlobalSection(SolutionConfigurationPlatforms) = preSolution
		Debug|Any CPU = Debug|Any CPU
		Release|Any CPU = Release|Any CPU
	EndGlobalSection
	GlobalSection(ProjectConfigurationPlatforms) = postSolution
		{0AF67963-DF1E-465D-AFB7-7600B9513B34}.Debug|Any CPU.ActiveCfg = Debug|Any CPU
		{0AF67963-DF1E-465D-AFB7-7600B9513B34}.Debug|Any CPU.Build.0 = Debug|Any CPU
		{0AF67963-DF1E-465D-AFB7-7600B9513B34}.Release|Any CPU.ActiveCfg = Release|Any CPU
		{0AF67963-DF1E-465D-AFB7-7600B9513B34}.Release|Any CPU.Build.0 = Release|Any CPU
	EndGlobalSection
	GlobalSection(SolutionProperties) = preSolution
		HideSolutionNode = FALSE
	EndGlobalSection
	GlobalSection(ExtensibilityGlobals) = postSolution
		SolutionGuid = {7954ACD5-DB39-4275-A5DE-F690DD41E17D}
	EndGlobalSection
EndGlobal
